// !$*UTF8*$!
{
	archiveVersion = 1;
	classes = {
	};
	objectVersion = 46;
	objects = {

/* Begin PBXBuildFile section */
		BF1353C21D244DFA00E445BD /* Person.m in Sources */ = {isa = PBXBuildFile; fileRef = BF1353C11D244DFA00E445BD /* Person.m */; };
		BF1353ED1D259DAC00E445BD /* Healthy.png in Resources */ = {isa = PBXBuildFile; fileRef = BF1353EC1D259DAC00E445BD /* Healthy.png */; };
		BF1353EF1D259DB500E445BD /* Underweight.png in Resources */ = {isa = PBXBuildFile; fileRef = BF1353EE1D259DB500E445BD /* Underweight.png */; };
		BF1353F11D259DDD00E445BD /* Overweight.png in Resources */ = {isa = PBXBuildFile; fileRef = BF1353F01D259DDD00E445BD /* Overweight.png */; };
		BF1353F31D259DED00E445BD /* Obese.png in Resources */ = {isa = PBXBuildFile; fileRef = BF1353F21D259DED00E445BD /* Obese.png */; };
		BF6151991D23071600B08E8F /* main.m in Sources */ = {isa = PBXBuildFile; fileRef = BF6151981D23071600B08E8F /* main.m */; };
		BF61519C1D23071600B08E8F /* AppDelegate.m in Sources */ = {isa = PBXBuildFile; fileRef = BF61519B1D23071600B08E8F /* AppDelegate.m */; };
		BF61519F1D23071600B08E8F /* ViewController.m in Sources */ = {isa = PBXBuildFile; fileRef = BF61519E1D23071600B08E8F /* ViewController.m */; };
		BF6151A21D23071600B08E8F /* Main.storyboard in Resources */ = {isa = PBXBuildFile; fileRef = BF6151A01D23071600B08E8F /* Main.storyboard */; };
		BF6151A41D23071600B08E8F /* Assets.xcassets in Resources */ = {isa = PBXBuildFile; fileRef = BF6151A31D23071600B08E8F /* Assets.xcassets */; };
		BF6151A71D23071600B08E8F /* LaunchScreen.storyboard in Resources */ = {isa = PBXBuildFile; fileRef = BF6151A51D23071600B08E8F /* LaunchScreen.storyboard */; };
/* End PBXBuildFile section */

/* Begin PBXFileReference section */
		BF1353C01D244DFA00E445BD /* Person.h */ = {isa = PBXFileReference; fileEncoding = 4; lastKnownFileType = sourcecode.c.h; path = Person.h; sourceTree = "<group>"; };
		BF1353C11D244DFA00E445BD /* Person.m */ = {isa = PBXFileReference; fileEncoding = 4; lastKnownFileType = sourcecode.c.objc; path = Person.m; sourceTree = "<group>"; };
		BF1353EC1D259DAC00E445BD /* Healthy.png */ = {isa = PBXFileReference; lastKnownFileType = image.png; path = Healthy.png; sourceTree = "<group>"; };
		BF1353EE1D259DB500E445BD /* Underweight.png */ = {isa = PBXFileReference; lastKnownFileType = image.png; path = Underweight.png; sourceTree = "<group>"; };
		BF1353F01D259DDD00E445BD /* Overweight.png */ = {isa = PBXFileReference; lastKnownFileType = image.png; path = Overweight.png; sourceTree = "<group>"; };
		BF1353F21D259DED00E445BD /* Obese.png */ = {isa = PBXFileReference; lastKnownFileType = image.png; path = Obese.png; sourceTree = "<group>"; };
		BF6151941D23071600B08E8F /* BMICalculator.app */ = {isa = PBXFileReference; explicitFileType = wrapper.application; includeInIndex = 0; path = BMICalculator.app; sourceTree = BUILT_PRODUCTS_DIR; };
		BF6151981D23071600B08E8F /* main.m */ = {isa = PBXFileReference; lastKnownFileType = sourcecode.c.objc; path = main.m; sourceTree = "<group>"; };
		BF61519A1D23071600B08E8F /* AppDelegate.h */ = {isa = PBXFileReference; lastKnownFileType = sourcecode.c.h; path = AppDelegate.h; sourceTree = "<group>"; };
		BF61519B1D23071600B08E8F /* AppDelegate.m */ = {isa = PBXFileReference; lastKnownFileType = sourcecode.c.objc; path = AppDelegate.m; sourceTree = "<group>"; };
		BF61519D1D23071600B08E8F /* ViewController.h */ = {isa = PBXFileReference; lastKnownFileType = sourcecode.c.h; path = ViewController.h; sourceTree = "<group>"; };
		BF61519E1D23071600B08E8F /* ViewController.m */ = {isa = PBXFileReference; lastKnownFileType = sourcecode.c.objc; path = ViewController.m; sourceTree = "<group>"; };
		BF6151A11D23071600B08E8F /* Base */ = {isa = PBXFileReference; lastKnownFileType = file.storyboard; name = Base; path = Base.lproj/Main.storyboard; sourceTree = "<group>"; };
		BF6151A31D23071600B08E8F /* Assets.xcassets */ = {isa = PBXFileReference; lastKnownFileType = folder.assetcatalog; path = Assets.xcassets; sourceTree = "<group>"; };
		BF6151A61D23071600B08E8F /* Base */ = {isa = PBXFileReference; lastKnownFileType = file.storyboard; name = Base; path = Base.lproj/LaunchScreen.storyboard; sourceTree = "<group>"; };
		BF6151A81D23071600B08E8F /* Info.plist */ = {isa = PBXFileReference; lastKnownFileType = text.plist.xml; path = Info.plist; sourceTree = "<group>"; };
/* End PBXFileReference section */

/* Begin PBXFrameworksBuildPhase section */
		BF6151911D23071600B08E8F /* Frameworks */ = {
			isa = PBXFrameworksBuildPhase;
			buildActionMask = 2147483647;
			files = (
			);
			runOnlyForDeploymentPostprocessing = 0;
		};
/* End PBXFrameworksBuildPhase section */

/* Begin PBXGroup section */
		BF61518B1D23071600B08E8F = {
			isa = PBXGroup;
			children = (
				BF6151961D23071600B08E8F /* BMICalculator */,
				BF6151951D23071600B08E8F /* Products */,
			);
			sourceTree = "<group>";
		};
		BF6151951D23071600B08E8F /* Products */ = {
			isa = PBXGroup;
			children = (
				BF6151941D23071600B08E8F /* BMICalculator.app */,
			);
			name = Products;
			sourceTree = "<group>";
		};
		BF6151961D23071600B08E8F /* BMICalculator */ = {
			isa = PBXGroup;
			children = (
				BF61519A1D23071600B08E8F /* AppDelegate.h */,
				BF61519B1D23071600B08E8F /* AppDelegate.m */,
				BF61519D1D23071600B08E8F /* ViewController.h */,
				BF61519E1D23071600B08E8F /* ViewController.m */,
				BF6151A01D23071600B08E8F /* Main.storyboard */,
				BF6151A31D23071600B08E8F /* Assets.xcassets */,
				BF6151A51D23071600B08E8F /* LaunchScreen.storyboard */,
				BF6151A81D23071600B08E8F /* Info.plist */,
				BF1353EC1D259DAC00E445BD /* Healthy.png */,
				BF1353EE1D259DB500E445BD /* Underweight.png */,
				BF1353F01D259DDD00E445BD /* Overweight.png */,
				BF1353F21D259DED00E445BD /* Obese.png */,
				BF6151971D23071600B08E8F /* Supporting Files */,
				BF1353C01D244DFA00E445BD /* Person.h */,
				BF1353C11D244DFA00E445BD /* Person.m */,
			);
			path = BMICalculator;
			sourceTree = "<group>";
		};
		BF6151971D23071600B08E8F /* Supporting Files */ = {
			isa = PBXGroup;
			children = (
				BF6151981D23071600B08E8F /* main.m */,
			);
			name = "Supporting Files";
			sourceTree = "<group>";
		};
/* End PBXGroup section */

/* Begin PBXNativeTarget section */
		BF6151931D23071600B08E8F /* BMICalculator */ = {
			isa = PBXNativeTarget;
			buildConfigurationList = BF6151AB1D23071600B08E8F /* Build configuration list for PBXNativeTarget "BMICalculator" */;
			buildPhases = (
				BF6151901D23071600B08E8F /* Sources */,
				BF6151911D23071600B08E8F /* Frameworks */,
				BF6151921D23071600B08E8F /* Resources */,
			);
			buildRules = (
			);
			dependencies = (
			);
			name = BMICalculator;
			productName = BMICalculator;
			productReference = BF6151941D23071600B08E8F /* BMICalculator.app */;
			productType = "com.apple.product-type.application";
		};
/* End PBXNativeTarget section */

/* Begin PBXProject section */
		BF61518C1D23071600B08E8F /* Project object */ = {
			isa = PBXProject;
			attributes = {
				LastUpgradeCheck = 0730;
				ORGANIZATIONNAME = Rachael;
				TargetAttributes = {
					BF6151931D23071600B08E8F = {
						CreatedOnToolsVersion = 7.3.1;
					};
				};
			};
			buildConfigurationList = BF61518F1D23071600B08E8F /* Build configuration list for PBXProject "BMICalculator" */;
			compatibilityVersion = "Xcode 3.2";
			developmentRegion = English;
			hasScannedForEncodings = 0;
			knownRegions = (
				en,
				Base,
			);
			mainGroup = BF61518B1D23071600B08E8F;
			productRefGroup = BF6151951D23071600B08E8F /* Products */;
			projectDirPath = "";
			projectRoot = "";
			targets = (
				BF6151931D23071600B08E8F /* BMICalculator */,
			);
		};
/* End PBXProject section */

/* Begin PBXResourcesBuildPhase section */
		BF6151921D23071600B08E8F /* Resources */ = {
			isa = PBXResourcesBuildPhase;
			buildActionMask = 2147483647;
			files = (
				BF1353EF1D259DB500E445BD /* Underweight.png in Resources */,
				BF6151A71D23071600B08E8F /* LaunchScreen.storyboard in Resources */,
				BF1353F11D259DDD00E445BD /* Overweight.png in Resources */,
				BF6151A41D23071600B08E8F /* Assets.xcassets in Resources */,
				BF6151A21D23071600B08E8F /* Main.storyboard in Resources */,
				BF1353ED1D259DAC00E445BD /* Healthy.png in Resources */,
				BF1353F31D259DED00E445BD /* Obese.png in Resources */,
			);
			runOnlyForDeploymentPostprocessing = 0;
		};
/* End PBXResourcesBuildPhase section */

/* Begin PBXSourcesBuildPhase section */
		BF6151901D23071600B08E8F /* Sources */ = {
			isa = PBXSourcesBuildPhase;
			buildActionMask = 2147483647;
			files = (
				BF61519F1D23071600B08E8F /* ViewController.m in Sources */,
				BF61519C1D23071600B08E8F /* AppDelegate.m in Sources */,
				BF1353C21D244DFA00E445BD /* Person.m in Sources */,
				BF6151991D23071600B08E8F /* main.m in Sources */,
			);
			runOnlyForDeploymentPostprocessing = 0;
		};
/* End PBXSourcesBuildPhase section */

/* Begin PBXVariantGroup section */
		BF6151A01D23071600B08E8F /* Main.storyboard */ = {
			isa = PBXVariantGroup;
			children = (
				BF6151A11D23071600B08E8F /* Base */,
			);
			name = Main.storyboard;
			sourceTree = "<group>";
		};
		BF6151A51D23071600B08E8F /* LaunchScreen.storyboard */ = {
			isa = PBXVariantGroup;
			children = (
				BF6151A61D23071600B08E8F /* Base */,
			);
			name = LaunchScreen.storyboard;
			sourceTree = "<group>";
		};
/* End PBXVariantGroup section */

/* Begin XCBuildConfiguration section */
		BF6151A91D23071600B08E8F /* Debug */ = {
			isa = XCBuildConfiguration;
			buildSettings = {
				ALWAYS_SEARCH_USER_PATHS = NO;
				CLANG_ANALYZER_NONNULL = YES;
				CLANG_CXX_LANGUAGE_STANDARD = "gnu++0x";
				CLANG_CXX_LIBRARY = "libc++";
				CLANG_ENABLE_MODULES = YES;
				CLANG_ENABLE_OBJC_ARC = YES;
				CLANG_WARN_BOOL_CONVERSION = YES;
				CLANG_WARN_CONSTANT_CONVERSION = YES;
				CLANG_WARN_DIRECT_OBJC_ISA_USAGE = YES_ERROR;
				CLANG_WARN_EMPTY_BODY = YES;
				CLANG_WARN_ENUM_CONVERSION = YES;
				CLANG_WARN_INT_CONVERSION = YES;
				CLANG_WARN_OBJC_ROOT_CLASS = YES_ERROR;
				CLANG_WARN_UNREACHABLE_CODE = YES;
				CLANG_WARN__DUPLICATE_METHOD_MATCH = YES;
				"CODE_SIGN_IDENTITY[sdk=iphoneos*]" = "iPhone Developer";
				COPY_PHASE_STRIP = NO;
				DEBUG_INFORMATION_FORMAT = dwarf;
				ENABLE_STRICT_OBJC_MSGSEND = YES;
				ENABLE_TESTABILITY = YES;
				GCC_C_LANGUAGE_STANDARD = gnu99;
				GCC_DYNAMIC_NO_PIC = NO;
				GCC_NO_COMMON_BLOCKS = YES;
				GCC_OPTIMIZATION_LEVEL = 0;
				GCC_PREPROCESSOR_DEFINITIONS = (
					"DEBUG=1",
					"$(inherited)",
				);
				GCC_WARN_64_TO_32_BIT_CONVERSION = YES;
				GCC_WARN_ABOUT_RETURN_TYPE = YES_ERROR;
				GCC_WARN_UNDECLARED_SELECTOR = YES;
				GCC_WARN_UNINITIALIZED_AUTOS = YES_AGGRESSIVE;
				GCC_WARN_UNUSED_FUNCTION = YES;
				GCC_WARN_UNUSED_VARIABLE = YES;
				IPHONEOS_DEPLOYMENT_TARGET = 9.3;
				MTL_ENABLE_DEBUG_INFO = YES;
				ONLY_ACTIVE_ARCH = YES;
				SDKROOT = iphoneos;
			};
			name = Debug;
		};
		BF6151AA1D23071600B08E8F /* Release */ = {
			isa = XCBuildConfiguration;
			buildSettings = {
				ALWAYS_SEARCH_USER_PATHS = NO;
				CLANG_ANALYZER_NONNULL = YES;
				CLANG_CXX_LANGUAGE_STANDARD = "gnu++0x";
				CLANG_CXX_LIBRARY = "libc++";
				CLANG_ENABLE_MODULES = YES;
				CLANG_ENABLE_OBJC_ARC = YES;
				CLANG_WARN_BOOL_CONVERSION = YES;
				CLANG_WARN_CONSTANT_CONVERSION = YES;
				CLANG_WARN_DIRECT_OBJC_ISA_USAGE = YES_ERROR;
				CLANG_WARN_EMPTY_BODY = YES;
				CLANG_WARN_ENUM_CONVERSION = YES;
				CLANG_WARN_INT_CONVERSION = YES;
				CLANG_WARN_OBJC_ROOT_CLASS = YES_ERROR;
				CLANG_WARN_UNREACHABLE_CODE = YES;
				CLANG_WARN__DUPLICATE_METHOD_MATCH = YES;
				"CODE_SIGN_IDENTITY[sdk=iphoneos*]" = "iPhone Developer";
				COPY_PHASE_STRIP = NO;
				DEBUG_INFORMATION_FORMAT = "dwarf-with-dsym";
				ENABLE_NS_ASSERTIONS = NO;
				ENABLE_STRICT_OBJC_MSGSEND = YES;
				GCC_C_LANGUAGE_STANDARD = gnu99;
				GCC_NO_COMMON_BLOCKS = YES;
				GCC_WARN_64_TO_32_BIT_CONVERSION = YES;
				GCC_WARN_ABOUT_RETURN_TYPE = YES_ERROR;
				GCC_WARN_UNDECLARED_SELECTOR = YES;
				GCC_WARN_UNINITIALIZED_AUTOS = YES_AGGRESSIVE;
				GCC_WARN_UNUSED_FUNCTION = YES;
				GCC_WARN_UNUSED_VARIABLE = YES;
				IPHONEOS_DEPLOYMENT_TARGET = 9.3;
				MTL_ENABLE_DEBUG_INFO = NO;
				SDKROOT = iphoneos;
				VALIDATE_PRODUCT = YES;
			};
			name = Release;
		};
		BF6151AC1D23071600B08E8F /* Debug */ = {
			isa = XCBuildConfiguration;
			buildSettings = {
				ASSETCATALOG_COMPILER_APPICON_NAME = AppIcon;
				INFOPLIST_FILE = BMICalculator/Info.plist;
				LD_RUNPATH_SEARCH_PATHS = "$(inherited) @executable_path/Frameworks";
				PRODUCT_BUNDLE_IDENTIFIER = jp.ac.asij.BMICalculator;
				PRODUCT_NAME = "$(TARGET_NAME)";
			};
			name = Debug;
		};
		BF6151AD1D23071600B08E8F /* Release */ = {
			isa = XCBuildConfiguration;
			buildSettings = {
				ASSETCATALOG_COMPILER_APPICON_NAME = AppIcon;
				INFOPLIST_FILE = BMICalculator/Info.plist;
				LD_RUNPATH_SEARCH_PATHS = "$(inherited) @executable_path/Frameworks";
				PRODUCT_BUNDLE_IDENTIFIER = jp.ac.asij.BMICalculator;
				PRODUCT_NAME = "$(TARGET_NAME)";
			};
			name = Release;
		};
/* End XCBuildConfiguration section */

/* Begin XCConfigurationList section */
		BF61518F1D23071600B08E8F /* Build configuration list for PBXProject "BMICalculator" */ = {
			isa = XCConfigurationList;
			buildConfigurations = (
				BF6151A91D23071600B08E8F /* Debug */,
				BF6151AA1D23071600B08E8F /* Release */,
			);
			defaultConfigurationIsVisible = 0;
			defaultConfigurationName = Release;
		};
		BF6151AB1D23071600B08E8F /* Build configuration list for PBXNativeTarget "BMICalculator" */ = {
			isa = XCConfigurationList;
			buildConfigurations = (
				BF6151AC1D23071600B08E8F /* Debug */,
				BF6151AD1D23071600B08E8F /* Release */,
			);
			defaultConfigurationIsVisible = 0;
			defaultConfigurationName = Release;
		};
/* End XCConfigurationList section */
	};
	rootObject = BF61518C1D23071600B08E8F /* Project object */;
}
